
Microsoft Visual Studio Solution File, Format Version 12.00
Project("{FAE04EC0-301F-11D3-BF4B-00C04F79EFBC}") = "Radon.Web", "Radon.Web\Radon.Web.csproj", "{0A806725-12B4-474C-B0F7-935B1206102C}"
EndProject
Project("{FAE04EC0-301F-11D3-BF4B-00C04F79EFBC}") = "Radon.Common", "Radon.Common\Radon.Common.csproj", "{CBC79975-205D-463B-871B-68E05EEEF768}"
EndProject
Project("{FAE04EC0-301F-11D3-BF4B-00C04F79EFBC}") = "Radon.Data", "Radon.Data\Radon.Data.csproj", "{46642301-92EC-482C-AAFC-660813E9FB1D}"
EndProject
Project("{FAE04EC0-301F-11D3-BF4B-00C04F79EFBC}") = "Radon.Core", "Radon.Core\Radon.Core.csproj", "{F7AB0FDF-D903-4E5D-8A99-2344B34DA7BA}"
EndProject
Project("{FAE04EC0-301F-11D3-BF4B-00C04F79EFBC}") = "Radon.Reckon", "Radon.Reckon\Radon.Reckon.csproj", "{2B0A482F-4B77-4469-B8CC-5D79920D3AC5}"
EndProject
Project("{FAE04EC0-301F-11D3-BF4B-00C04F79EFBC}") = "Radon.App", "Radon.App\Radon.App.csproj", "{0A1AFD1F-D6D2-492A-94B1-A1436D3F4AB6}"
EndProject
Global
	GlobalSection(SolutionConfigurationPlatforms) = preSolution
		Debug|Any CPU = Debug|Any CPU
		Release|Any CPU = Release|Any CPU
	EndGlobalSection
	GlobalSection(ProjectConfigurationPlatforms) = postSolution
		{0A806725-12B4-474C-B0F7-935B1206102C}.Debug|Any CPU.ActiveCfg = Debug|Any CPU
		{0A806725-12B4-474C-B0F7-935B1206102C}.Debug|Any CPU.Build.0 = Debug|Any CPU
		{0A806725-12B4-474C-B0F7-935B1206102C}.Release|Any CPU.ActiveCfg = Release|Any CPU
		{0A806725-12B4-474C-B0F7-935B1206102C}.Release|Any CPU.Build.0 = Release|Any CPU
		{CBC79975-205D-463B-871B-68E05EEEF768}.Debug|Any CPU.ActiveCfg = Debug|Any CPU
		{CBC79975-205D-463B-871B-68E05EEEF768}.Debug|Any CPU.Build.0 = Debug|Any CPU
		{CBC79975-205D-463B-871B-68E05EEEF768}.Release|Any CPU.ActiveCfg = Release|Any CPU
		{CBC79975-205D-463B-871B-68E05EEEF768}.Release|Any CPU.Build.0 = Release|Any CPU
		{46642301-92EC-482C-AAFC-660813E9FB1D}.Debug|Any CPU.ActiveCfg = Debug|Any CPU
		{46642301-92EC-482C-AAFC-660813E9FB1D}.Debug|Any CPU.Build.0 = Debug|Any CPU
		{46642301-92EC-482C-AAFC-660813E9FB1D}.Release|Any CPU.ActiveCfg = Release|Any CPU
		{46642301-92EC-482C-AAFC-660813E9FB1D}.Release|Any CPU.Build.0 = Release|Any CPU
		{F7AB0FDF-D903-4E5D-8A99-2344B34DA7BA}.Debug|Any CPU.ActiveCfg = Debug|Any CPU
		{F7AB0FDF-D903-4E5D-8A99-2344B34DA7BA}.Debug|Any CPU.Build.0 = Debug|Any CPU
		{F7AB0FDF-D903-4E5D-8A99-2344B34DA7BA}.Release|Any CPU.ActiveCfg = Release|Any CPU
		{F7AB0FDF-D903-4E5D-8A99-2344B34DA7BA}.Release|Any CPU.Build.0 = Release|Any CPU
		{2B0A482F-4B77-4469-B8CC-5D79920D3AC5}.Debug|Any CPU.ActiveCfg = Debug|Any CPU
		{2B0A482F-4B77-4469-B8CC-5D79920D3AC5}.Debug|Any CPU.Build.0 = Debug|Any CPU
		{2B0A482F-4B77-4469-B8CC-5D79920D3AC5}.Release|Any CPU.ActiveCfg = Release|Any CPU
		{2B0A482F-4B77-4469-B8CC-5D79920D3AC5}.Release|Any CPU.Build.0 = Release|Any CPU
		{0A1AFD1F-D6D2-492A-94B1-A1436D3F4AB6}.Debug|Any CPU.ActiveCfg = Debug|Any CPU
		{0A1AFD1F-D6D2-492A-94B1-A1436D3F4AB6}.Debug|Any CPU.Build.0 = Debug|Any CPU
		{0A1AFD1F-D6D2-492A-94B1-A1436D3F4AB6}.Release|Any CPU.ActiveCfg = Release|Any CPU
		{0A1AFD1F-D6D2-492A-94B1-A1436D3F4AB6}.Release|Any CPU.Build.0 = Release|Any CPU
	EndGlobalSection
EndGlobal
